<?xml version="1.0" encoding="utf-8"?>
<Project ToolsVersion="4.0" xmlns="http://schemas.microsoft.com/developer/msbuild/2003">
  <ItemGroup>
    <Filter Include="Form Files">
      <UniqueIdentifier>{99349809-55BA-4b9d-BF79-8FDBB0286EB3}</UniqueIdentifier>
      <Extensions>ui</Extensions>
    </Filter>
    <Filter Include="Generated Files">
      <UniqueIdentifier>{71ED8ED8-ACB9-4CE9-BBE1-E00B30144E11}</UniqueIdentifier>
      <Extensions>moc;h;cpp</Extensions>
      <SourceControlFiles>False</SourceControlFiles>
    </Filter>
    <Filter Include="Generated Files\Debug">
      <UniqueIdentifier>{838bf31f-34f2-4683-b929-f476f336df5f}</UniqueIdentifier>
      <Extensions>cpp;moc</Extensions>
      <SourceControlFiles>False</SourceControlFiles>
    </Filter>
    <Filter Include="Generated Files\Release">
      <UniqueIdentifier>{70841eca-b9a9-4fdf-8302-e1a9d76e462f}</UniqueIdentifier>
      <Extensions>cpp;moc</Extensions>
      <SourceControlFiles>False</SourceControlFiles>
    </Filter>
    <Filter Include="Resource">
      <UniqueIdentifier>{D9D6E242-F8AF-46E4-B9FD-80ECBC20BA3E}</UniqueIdentifier>
      <Extensions>qrc;*</Extensions>
      <ParseFiles>false</ParseFiles>
    </Filter>
    <Filter Include="Include">
      <UniqueIdentifier>{93995380-89BD-4b04-88EB-625FBE52EBFB}</UniqueIdentifier>
      <Extensions>h</Extensions>
    </Filter>
    <Filter Include="VWidget">
      <UniqueIdentifier>{4FC737F1-C7A5-4376-A066-2A32D752A2FF}</UniqueIdentifier>
      <Extensions>cpp;cxx;c;def</Extensions>
    </Filter>
    <Filter Include="Source">
      <UniqueIdentifier>{fd16c105-62a2-4dae-842d-eb204e0c2c01}</UniqueIdentifier>
    </Filter>
  </ItemGroup>
  <ItemGroup>
    <CustomBuild Include="..\main\vscmainwindows.qrc">
      <Filter>Resource</Filter>
    </CustomBuild>
    <CustomBuild Include="..\main\vscview.ui">
      <Filter>Form Files</Filter>
    </CustomBuild>
    <CustomBuild Include="..\main\vscmainwindows.ui">
      <Filter>Form Files</Filter>
    </CustomBuild>
    <CustomBuild Include="..\main\vscdevicelist.ui">
      <Filter>Form Files</Filter>
    </CustomBuild>
    <CustomBuild Include="..\main\vscview.h">
      <Filter>Include</Filter>
    </CustomBuild>
    <CustomBuild Include="..\main\vscmainwindows.h">
      <Filter>Include</Filter>
    </CustomBuild>
    <CustomBuild Include="..\main\vscdockwidget.h">
      <Filter>Include</Filter>
    </CustomBuild>
    <CustomBuild Include="..\main\vscdevicelist.h">
      <Filter>Include</Filter>
    </CustomBuild>
    <CustomBuild Include="..\vwidget\vscvideowall.h">
      <Filter>VWidget</Filter>
    </CustomBuild>
    <CustomBuild Include="..\vwidget\vscvwidget.h">
      <Filter>VWidget</Filter>
    </CustomBuild>
    <CustomBuild Include="..\main\vscdeviceipc.h">
      <Filter>Include</Filter>
    </CustomBuild>
    <CustomBuild Include="..\main\vscdevicetree.h">
      <Filter>Include</Filter>
    </CustomBuild>
    <CustomBuild Include="..\main\vsccameraadd.ui">
      <Filter>Form Files</Filter>
    </CustomBuild>
    <CustomBuild Include="..\main\vsccameraadd.h">
      <Filter>Include</Filter>
    </CustomBuild>
    <CustomBuild Include="..\main\vscdevicetrash.h">
      <Filter>Include</Filter>
    </CustomBuild>
    <CustomBuild Include="..\main\vscsearch.ui">
      <Filter>Form Files</Filter>
    </CustomBuild>
    <CustomBuild Include="..\main\vscsearch.h">
      <Filter>Include</Filter>
    </CustomBuild>
    <CustomBuild Include="..\main\vscplaycontrol.ui">
      <Filter>Form Files</Filter>
    </CustomBuild>
    <CustomBuild Include="..\main\vscplaycontrol.h">
      <Filter>Include</Filter>
    </CustomBuild>
  </ItemGroup>
  <ItemGroup>
    <ClCompile Include="GeneratedFiles\qrc_vscmainwindows.cpp">
      <Filter>Generated Files</Filter>
    </ClCompile>
    <ClCompile Include="..\main\main.cpp">
      <Filter>Source</Filter>
    </ClCompile>
    <ClCompile Include="GeneratedFiles\Debug\moc_vscview.cpp">
      <Filter>Generated Files\Debug</Filter>
    </ClCompile>
    <ClCompile Include="GeneratedFiles\Release\moc_vscview.cpp">
      <Filter>Generated Files\Release</Filter>
    </ClCompile>
    <ClCompile Include="GeneratedFiles\Debug\moc_vscmainwindows.cpp">
      <Filter>Generated Files\Debug</Filter>
    </ClCompile>
    <ClCompile Include="GeneratedFiles\Release\moc_vscmainwindows.cpp">
      <Filter>Generated Files\Release</Filter>
    </ClCompile>
    <ClCompile Include="GeneratedFiles\Debug\moc_vscdockwidget.cpp">
      <Filter>Generated Files\Debug</Filter>
    </ClCompile>
    <ClCompile Include="GeneratedFiles\Release\moc_vscdockwidget.cpp">
      <Filter>Generated Files\Release</Filter>
    </ClCompile>
    <ClCompile Include="GeneratedFiles\Debug\moc_vscdevicelist.cpp">
      <Filter>Generated Files\Debug</Filter>
    </ClCompile>
    <ClCompile Include="GeneratedFiles\Release\moc_vscdevicelist.cpp">
      <Filter>Generated Files\Release</Filter>
    </ClCompile>
    <ClCompile Include="..\main\vscview.cpp">
      <Filter>Source</Filter>
    </ClCompile>
    <ClCompile Include="..\main\vscmainwindows.cpp">
      <Filter>Source</Filter>
    </ClCompile>
    <ClCompile Include="..\main\vscdockwidget.cpp">
      <Filter>Source</Filter>
    </ClCompile>
    <ClCompile Include="..\main\vscdevicelist.cpp">
      <Filter>Source</Filter>
    </ClCompile>
    <ClCompile Include="..\vwidget\vscvideowall.cpp">
      <Filter>VWidget</Filter>
    </ClCompile>
    <ClCompile Include="..\vwidget\vscvwidget.cpp">
      <Filter>VWidget</Filter>
    </ClCompile>
    <ClCompile Include="GeneratedFiles\Debug\moc_vscvideowall.cpp">
      <Filter>Generated Files\Debug</Filter>
    </ClCompile>
    <ClCompile Include="GeneratedFiles\Release\moc_vscvideowall.cpp">
      <Filter>Generated Files\Release</Filter>
    </ClCompile>
    <ClCompile Include="GeneratedFiles\Debug\moc_vscvwidget.cpp">
      <Filter>Generated Files\Debug</Filter>
    </ClCompile>
    <ClCompile Include="GeneratedFiles\Release\moc_vscvwidget.cpp">
      <Filter>Generated Files\Release</Filter>
    </ClCompile>
    <ClCompile Include="..\main\vscdeviceipc.cpp">
      <Filter>Source</Filter>
    </ClCompile>
    <ClCompile Include="GeneratedFiles\Debug\moc_vscdevicetree.cpp">
      <Filter>Generated Files\Debug</Filter>
    </ClCompile>
    <ClCompile Include="GeneratedFiles\Release\moc_vscdevicetree.cpp">
      <Filter>Generated Files\Release</Filter>
    </ClCompile>
    <ClCompile Include="..\main\vscdevicetree.cpp">
      <Filter>Source</Filter>
    </ClCompile>
    <ClCompile Include="GeneratedFiles\Debug\moc_vsccameraadd.cpp">
      <Filter>Generated Files\Debug</Filter>
    </ClCompile>
    <ClCompile Include="GeneratedFiles\Release\moc_vsccameraadd.cpp">
      <Filter>Generated Files\Release</Filter>
    </ClCompile>
    <ClCompile Include="..\main\vsccameraadd.cpp">
      <Filter>Source</Filter>
    </ClCompile>
    <ClCompile Include="..\main\vscdevicetrash.cpp">
      <Filter>Source</Filter>
    </ClCompile>
    <ClCompile Include="GeneratedFiles\Debug\moc_vscdevicetrash.cpp">
      <Filter>Generated Files\Debug</Filter>
    </ClCompile>
    <ClCompile Include="GeneratedFiles\Release\moc_vscdevicetrash.cpp">
      <Filter>Generated Files\Release</Filter>
    </ClCompile>
    <ClCompile Include="GeneratedFiles\Debug\moc_vscsearch.cpp">
      <Filter>Generated Files\Debug</Filter>
    </ClCompile>
    <ClCompile Include="GeneratedFiles\Release\moc_vscsearch.cpp">
      <Filter>Generated Files\Release</Filter>
    </ClCompile>
    <ClCompile Include="..\main\vscsearch.cpp">
      <Filter>Source</Filter>
    </ClCompile>
    <ClCompile Include="GeneratedFiles\Debug\moc_vscplaycontrol.cpp">
      <Filter>Generated Files\Debug</Filter>
    </ClCompile>
    <ClCompile Include="GeneratedFiles\Release\moc_vscplaycontrol.cpp">
      <Filter>Generated Files\Release</Filter>
    </ClCompile>
    <ClCompile Include="..\main\vscplaycontrol.cpp">
      <Filter>Source</Filter>
    </ClCompile>
  </ItemGroup>
  <ItemGroup>
    <ClInclude Include="GeneratedFiles\ui_vscview.h">
      <Filter>Generated Files</Filter>
    </ClInclude>
    <ClInclude Include="GeneratedFiles\ui_vscmainwindows.h">
      <Filter>Generated Files</Filter>
    </ClInclude>
    <ClInclude Include="GeneratedFiles\ui_vscdevicelist.h">
      <Filter>Generated Files</Filter>
    </ClInclude>
    <ClInclude Include="resource.h">
      <Filter>Include</Filter>
    </ClInclude>
    <ClInclude Include="GeneratedFiles\ui_vsccameraadd.h">
      <Filter>Generated Files</Filter>
    </ClInclude>
    <ClInclude Include="GeneratedFiles\ui_vscsearch.h">
      <Filter>Generated Files</Filter>
    </ClInclude>
    <ClInclude Include="GeneratedFiles\ui_vscplaycontrol.h">
      <Filter>Generated Files</Filter>
    </ClInclude>
  </ItemGroup>
  <ItemGroup>
    <ResourceCompile Include="VSCloudNode.rc" />
  </ItemGroup>
  <ItemGroup>
    <None Include="icon1.ico" />
  </ItemGroup>
</Project>